
Microsoft Visual Studio Solution File, Format Version 12.00
# Visual Studio Version 17
VisualStudioVersion = 17.14.36511.14 d17.14
MinimumVisualStudioVersion = 10.0.40219.1
Project("{FAE04EC0-301F-11D3-BF4B-00C04F79EFBC}") = "Console Life", "Console Life\Console Life.csproj", "{BF6346D9-74AB-4726-9EC4-35A701DE115F}"
EndProject
Global
	GlobalSection(SolutionConfigurationPlatforms) = preSolution
		Debug|Any CPU = Debug|Any CPU
		Release|Any CPU = Release|Any CPU
	EndGlobalSection
	GlobalSection(ProjectConfigurationPlatforms) = postSolution
		{BF6346D9-74AB-4726-9EC4-35A701DE115F}.Debug|Any CPU.ActiveCfg = Debug|Any CPU
		{BF6346D9-74AB-4726-9EC4-35A701DE115F}.Debug|Any CPU.Build.0 = Debug|Any CPU
		{BF6346D9-74AB-4726-9EC4-35A701DE115F}.Release|Any CPU.ActiveCfg = Release|Any CPU
		{BF6346D9-74AB-4726-9EC4-35A701DE115F}.Release|Any CPU.Build.0 = Release|Any CPU
	EndGlobalSection
	GlobalSection(SolutionProperties) = preSolution
		HideSolutionNode = FALSE
	EndGlobalSection
	GlobalSection(ExtensibilityGlobals) = postSolution
		SolutionGuid = {3C5228A2-2269-4A5A-AF71-BF4181E21E3F}
	EndGlobalSection
EndGlobal
